[ "apex": {:git, "git://github.com/BjRo/apex.git", "17f560c87980edac26d0240443d23a23c4bee8c0", []},
  "cowboy": {:git, "git://github.com/extend/cowboy.git", "0ec713fc4b185c3cd0f6b2e7ec2c5f198361bddd", []},
  "cowlib": {:git, "git://github.com/extend/cowlib.git", "63298e8e160031a70efff86a1acde7e7db1fcda6", [ref: "0.4.0"]},
  "dynamo": {:git, "git://github.com/elixir-lang/dynamo.git", "5f45a150a914c86cf17f2b69c158ef5987884664", []},
  "ex_doc": {:git, "git://github.com/elixir-lang/ex_doc.git", "aecbe8cf755fc81d76e2924d69a33642b7945af9", []},
  "exjson": {:git, "https://github.com/guedes/exjson.git", "bd9dcb7e78c2344bb491098405f2b81d53979dcd", []},
  "hackney": {:git, "git://github.com/benoitc/hackney.git", "7f2a0b5996313d930277786e7ff5d538e9346547", [tag: "0.10.1"]},
  "hackney_lib": {:git, "https://github.com/benoitc/hackney_lib.git", "eecdb481f1d38bfb194896bffdf9bdcdd967ae96", [tag: "0.2.2"]},
  "httpotion": {:git, "git://github.com/myfreeweb/httpotion.git", "1e2c234b025c41cb2ff7570a35efa9f12d28f31b", []},
  "ibrowse": {:git, "git://github.com/cmullaparthi/ibrowse.git", "108c131d782c693bd3e26a6587da8196ef9282e3", []},
  "json": {:git, "git://github.com/cblage/elixir-json.git", "a16a82805771b99fab5b567eb3678bca1dce424e", []},
  "mime": {:git, "git://github.com/dynamo/mime.git", "7e56a3dd5692afcd39c9797ae2898c5841967098", []},
  "mimetypes": {:git, "git://github.com/spawngrid/mimetypes.git", "47d37a977a7d633199822bf6b08353007483d00f", []},
  "ranch": {:git, "git://github.com/extend/ranch.git", "5df1f222f94e08abdcab7084f5e13027143cc222", [ref: "0.9.0"]} ]
