%{"apex": {:git, "git://github.com/BjRo/apex.git", "ca3cfbcf4473a4314d8dfa7f4bed610be652a03b", []},
  "cowboy": {:git, "git://github.com/extend/cowboy.git", "021f4f6069e5fae326bdfb0acb12c6500082fa44", []},
  "cowlib": {:git, "git://github.com/extend/cowlib.git", "d544a494af4dbc810fc9c15eaf5cc050cced1501", [ref: "1.0.0"]},
  "dynamo": {:git, "git://github.com/elixir-lang/dynamo.git", "3c28f27603a480d2755a89aba3a91e88df3469ce", []},
  "ex_doc": {:git, "git://github.com/elixir-lang/ex_doc.git", "7c1efb88bce770b42e4f88ce01d0ed9acc45a467", []},
  "exjson": {:git, "https://github.com/guedes/exjson.git", "bd9dcb7e78c2344bb491098405f2b81d53979dcd", []},
  "hackney": {:git, "git://github.com/benoitc/hackney.git", "7f2a0b5996313d930277786e7ff5d538e9346547", [tag: "0.10.1"]},
  "hackney_lib": {:git, "https://github.com/benoitc/hackney_lib.git", "eecdb481f1d38bfb194896bffdf9bdcdd967ae96", [tag: "0.2.2"]},
  "httpotion": {:git, "git://github.com/myfreeweb/httpotion.git", "a6bcbbac7b6f15ee93c5c941de36d59ef8c85743", []},
  "ibrowse": {:git, "git://github.com/cmullaparthi/ibrowse.git", "7871e2ebe8811efb64e1917e2de455fa87e8dfe3", [tag: "v4.1.0"]},
  "json": {:git, "git://github.com/cblage/elixir-json.git", "f386b18431bbc0a0b6d38519ec2f256b5a040668", []},
  "mime": {:git, "git://github.com/dynamo/mime.git", "a13f7b071fdc6146c162300c9ab5025f1c23e98b", []},
  "mimetypes": {:git, "git://github.com/spawngrid/mimetypes.git", "47d37a977a7d633199822bf6b08353007483d00f", []},
  "ranch": {:git, "git://github.com/extend/ranch.git", "adf1822defc2b7cfdc7aca112adabfa1d614043c", [ref: "1.0.0"]}}
