%{"apex": {:git, "git://github.com/BjRo/apex.git", "17f560c87980edac26d0240443d23a23c4bee8c0", []},
  "cowboy": {:git, "git://github.com/extend/cowboy.git", "1ad3aae4d5459ee991805d16a3837e1da2ba96ff", []},
  "cowlib": {:git, "git://github.com/extend/cowlib.git", "f58340a0044856bb508df03cfe94cf79308380a2", [ref: "0.6.1"]},
  "dynamo": {:git, "git://github.com/elixir-lang/dynamo.git", "6b6c51633da88d4ac7541fee1c1407c8685543c4", []},
  "ex_doc": {:git, "git://github.com/elixir-lang/ex_doc.git", "fc0f00d2ff3c5e20eaee519b937f6feb998aa0d0", []},
  "exjson": {:git, "https://github.com/guedes/exjson.git", "bd9dcb7e78c2344bb491098405f2b81d53979dcd", []},
  "hackney": {:git, "git://github.com/benoitc/hackney.git", "7f2a0b5996313d930277786e7ff5d538e9346547", [tag: "0.10.1"]},
  "hackney_lib": {:git, "https://github.com/benoitc/hackney_lib.git", "eecdb481f1d38bfb194896bffdf9bdcdd967ae96", [tag: "0.2.2"]},
  "httpotion": {:git, "git://github.com/myfreeweb/httpotion.git", "3346c05b5ba31f8d8b60090341e155f06c7dbc33", []},
  "ibrowse": {:git, "git://github.com/cmullaparthi/ibrowse.git", "7871e2ebe8811efb64e1917e2de455fa87e8dfe3", [tag: "v4.1.0"]},
  "json": {:git, "git://github.com/cblage/elixir-json.git", "725ea02b992aba35c18d0e9c7c3da54689670baf", []},
  "mime": {:git, "git://github.com/dynamo/mime.git", "db84370c53a67a7e58a4d0cfb026f4edc64a9367", []},
  "mimetypes": {:git, "git://github.com/spawngrid/mimetypes.git", "47d37a977a7d633199822bf6b08353007483d00f", []},
  "ranch": {:git, "git://github.com/extend/ranch.git", "5df1f222f94e08abdcab7084f5e13027143cc222", [ref: "0.9.0"]}}
